
Microsoft Visual Studio Solution File, Format Version 12.00
# Visual Studio Version 16
VisualStudioVersion = 16.0.31515.178
MinimumVisualStudioVersion = 10.0.40219.1
Project("{FAE04EC0-301F-11D3-BF4B-00C04F79EFBC}") = "Stock_Management", "Stock_Management\Stock_Management.csproj", "{F2397F64-0DD8-44D1-B739-E1D66EC6198D}"
EndProject
Global
	GlobalSection(SolutionConfigurationPlatforms) = preSolution
		Debug|Any CPU = Debug|Any CPU
		Release|Any CPU = Release|Any CPU
	EndGlobalSection
	GlobalSection(ProjectConfigurationPlatforms) = postSolution
		{F2397F64-0DD8-44D1-B739-E1D66EC6198D}.Debug|Any CPU.ActiveCfg = Debug|Any CPU
		{F2397F64-0DD8-44D1-B739-E1D66EC6198D}.Debug|Any CPU.Build.0 = Debug|Any CPU
		{F2397F64-0DD8-44D1-B739-E1D66EC6198D}.Release|Any CPU.ActiveCfg = Release|Any CPU
		{F2397F64-0DD8-44D1-B739-E1D66EC6198D}.Release|Any CPU.Build.0 = Release|Any CPU
	EndGlobalSection
	GlobalSection(SolutionProperties) = preSolution
		HideSolutionNode = FALSE
	EndGlobalSection
	GlobalSection(ExtensibilityGlobals) = postSolution
		SolutionGuid = {4252E7F0-B5B6-4685-AA92-60789301B688}
	EndGlobalSection
EndGlobal
